
Microsoft Visual Studio Solution File, Format Version 12.00
# Visual Studio Version 16
VisualStudioVersion = 16.0.29326.143
MinimumVisualStudioVersion = 10.0.40219.1
Project("{FAE04EC0-301F-11D3-BF4B-00C04F79EFBC}") = "LabEight", "LabEight\LabEight.csproj", "{B770C924-3DAD-42B9-A536-DB85D7D6E267}"
EndProject
Global
	GlobalSection(SolutionConfigurationPlatforms) = preSolution
		Debug|Any CPU = Debug|Any CPU
		Release|Any CPU = Release|Any CPU
	EndGlobalSection
	GlobalSection(ProjectConfigurationPlatforms) = postSolution
		{B770C924-3DAD-42B9-A536-DB85D7D6E267}.Debug|Any CPU.ActiveCfg = Debug|Any CPU
		{B770C924-3DAD-42B9-A536-DB85D7D6E267}.Debug|Any CPU.Build.0 = Debug|Any CPU
		{B770C924-3DAD-42B9-A536-DB85D7D6E267}.Release|Any CPU.ActiveCfg = Release|Any CPU
		{B770C924-3DAD-42B9-A536-DB85D7D6E267}.Release|Any CPU.Build.0 = Release|Any CPU
	EndGlobalSection
	GlobalSection(SolutionProperties) = preSolution
		HideSolutionNode = FALSE
	EndGlobalSection
	GlobalSection(ExtensibilityGlobals) = postSolution
		SolutionGuid = {B0B2DBD1-9241-4F60-82B6-E3190E9C5FCA}
	EndGlobalSection
EndGlobal
